// !$*UTF8*$!
{
	archiveVersion = 1;
	classes = {
	};
	objectVersion = 46;
	objects = {

/* Begin PBXBuildFile section */
		425A80D0FA3D34190923B704 /* libPods.a in Frameworks */ = {isa = PBXBuildFile; fileRef = 1A97E4A1B34239E5CD5ABEEE /* libPods.a */; };
		639C7DFF1BF4897A00B796F2 /* main.m in Sources */ = {isa = PBXBuildFile; fileRef = 639C7DFE1BF4897A00B796F2 /* main.m */; };
		639C7E021BF4897A00B796F2 /* AppDelegate.m in Sources */ = {isa = PBXBuildFile; fileRef = 639C7E011BF4897A00B796F2 /* AppDelegate.m */; };
		639C7E051BF4897A00B796F2 /* ViewController.m in Sources */ = {isa = PBXBuildFile; fileRef = 639C7E041BF4897A00B796F2 /* ViewController.m */; };
		639C7E081BF4897A00B796F2 /* Main.storyboard in Resources */ = {isa = PBXBuildFile; fileRef = 639C7E061BF4897A00B796F2 /* Main.storyboard */; };
		639C7E0A1BF4897A00B796F2 /* Assets.xcassets in Resources */ = {isa = PBXBuildFile; fileRef = 639C7E091BF4897A00B796F2 /* Assets.xcassets */; };
		639C7E0D1BF4897A00B796F2 /* LaunchScreen.storyboard in Resources */ = {isa = PBXBuildFile; fileRef = 639C7E0B1BF4897A00B796F2 /* LaunchScreen.storyboard */; };
		639C7E1D1BF4919300B796F2 /* HYQSFlowCell.m in Sources */ = {isa = PBXBuildFile; fileRef = 639C7E1C1BF4919300B796F2 /* HYQSFlowCell.m */; };
		639C7E1F1BF4940000B796F2 /* pic_url.plist in Resources */ = {isa = PBXBuildFile; fileRef = 639C7E1E1BF4940000B796F2 /* pic_url.plist */; };
		639C7E251BF4A40C00B796F2 /* BGWaterFlowLayout.m in Sources */ = {isa = PBXBuildFile; fileRef = 639C7E221BF4A40C00B796F2 /* BGWaterFlowLayout.m */; };
		639C7E261BF4A40C00B796F2 /* HYQSFlow.m in Sources */ = {isa = PBXBuildFile; fileRef = 639C7E241BF4A40C00B796F2 /* HYQSFlow.m */; };
/* End PBXBuildFile section */

/* Begin PBXFileReference section */
		1A97E4A1B34239E5CD5ABEEE /* libPods.a */ = {isa = PBXFileReference; explicitFileType = archive.ar; includeInIndex = 0; path = libPods.a; sourceTree = BUILT_PRODUCTS_DIR; };
		1F5B326F4DA9967024AACCA2 /* Pods.release.xcconfig */ = {isa = PBXFileReference; includeInIndex = 1; lastKnownFileType = text.xcconfig; name = Pods.release.xcconfig; path = "Pods/Target Support Files/Pods/Pods.release.xcconfig"; sourceTree = "<group>"; };
		5194C70BC148D03308594D12 /* Pods.debug.xcconfig */ = {isa = PBXFileReference; includeInIndex = 1; lastKnownFileType = text.xcconfig; name = Pods.debug.xcconfig; path = "Pods/Target Support Files/Pods/Pods.debug.xcconfig"; sourceTree = "<group>"; };
		639C7DFA1BF4897A00B796F2 /* HYQWaterFlow.app */ = {isa = PBXFileReference; explicitFileType = wrapper.application; includeInIndex = 0; path = HYQWaterFlow.app; sourceTree = BUILT_PRODUCTS_DIR; };
		639C7DFE1BF4897A00B796F2 /* main.m */ = {isa = PBXFileReference; lastKnownFileType = sourcecode.c.objc; path = main.m; sourceTree = "<group>"; };
		639C7E001BF4897A00B796F2 /* AppDelegate.h */ = {isa = PBXFileReference; lastKnownFileType = sourcecode.c.h; path = AppDelegate.h; sourceTree = "<group>"; };
		639C7E011BF4897A00B796F2 /* AppDelegate.m */ = {isa = PBXFileReference; lastKnownFileType = sourcecode.c.objc; path = AppDelegate.m; sourceTree = "<group>"; };
		639C7E031BF4897A00B796F2 /* ViewController.h */ = {isa = PBXFileReference; lastKnownFileType = sourcecode.c.h; path = ViewController.h; sourceTree = "<group>"; };
		639C7E041BF4897A00B796F2 /* ViewController.m */ = {isa = PBXFileReference; lastKnownFileType = sourcecode.c.objc; path = ViewController.m; sourceTree = "<group>"; };
		639C7E071BF4897A00B796F2 /* Base */ = {isa = PBXFileReference; lastKnownFileType = file.storyboard; name = Base; path = Base.lproj/Main.storyboard; sourceTree = "<group>"; };
		639C7E091BF4897A00B796F2 /* Assets.xcassets */ = {isa = PBXFileReference; lastKnownFileType = folder.assetcatalog; path = Assets.xcassets; sourceTree = "<group>"; };
		639C7E0C1BF4897A00B796F2 /* Base */ = {isa = PBXFileReference; lastKnownFileType = file.storyboard; name = Base; path = Base.lproj/LaunchScreen.storyboard; sourceTree = "<group>"; };
		639C7E0E1BF4897A00B796F2 /* Info.plist */ = {isa = PBXFileReference; lastKnownFileType = text.plist.xml; path = Info.plist; sourceTree = "<group>"; };
		639C7E1B1BF4919300B796F2 /* HYQSFlowCell.h */ = {isa = PBXFileReference; fileEncoding = 4; lastKnownFileType = sourcecode.c.h; path = HYQSFlowCell.h; sourceTree = "<group>"; };
		639C7E1C1BF4919300B796F2 /* HYQSFlowCell.m */ = {isa = PBXFileReference; fileEncoding = 4; lastKnownFileType = sourcecode.c.objc; path = HYQSFlowCell.m; sourceTree = "<group>"; };
		639C7E1E1BF4940000B796F2 /* pic_url.plist */ = {isa = PBXFileReference; fileEncoding = 4; lastKnownFileType = text.plist.xml; path = pic_url.plist; sourceTree = "<group>"; };
		639C7E211BF4A40C00B796F2 /* BGWaterFlowLayout.h */ = {isa = PBXFileReference; fileEncoding = 4; lastKnownFileType = sourcecode.c.h; path = BGWaterFlowLayout.h; sourceTree = "<group>"; };
		639C7E221BF4A40C00B796F2 /* BGWaterFlowLayout.m */ = {isa = PBXFileReference; fileEncoding = 4; lastKnownFileType = sourcecode.c.objc; path = BGWaterFlowLayout.m; sourceTree = "<group>"; };
		639C7E231BF4A40C00B796F2 /* HYQSFlow.h */ = {isa = PBXFileReference; fileEncoding = 4; lastKnownFileType = sourcecode.c.h; path = HYQSFlow.h; sourceTree = "<group>"; };
		639C7E241BF4A40C00B796F2 /* HYQSFlow.m */ = {isa = PBXFileReference; fileEncoding = 4; lastKnownFileType = sourcecode.c.objc; path = HYQSFlow.m; sourceTree = "<group>"; };
/* End PBXFileReference section */

/* Begin PBXFrameworksBuildPhase section */
		639C7DF71BF4897A00B796F2 /* Frameworks */ = {
			isa = PBXFrameworksBuildPhase;
			buildActionMask = 2147483647;
			files = (
				425A80D0FA3D34190923B704 /* libPods.a in Frameworks */,
			);
			runOnlyForDeploymentPostprocessing = 0;
		};
/* End PBXFrameworksBuildPhase section */

/* Begin PBXGroup section */
		1CC8C7C15CFA0E6FD0A83E62 /* Pods */ = {
			isa = PBXGroup;
			children = (
				5194C70BC148D03308594D12 /* Pods.debug.xcconfig */,
				1F5B326F4DA9967024AACCA2 /* Pods.release.xcconfig */,
			);
			name = Pods;
			sourceTree = "<group>";
		};
		639C7DF11BF4897A00B796F2 = {
			isa = PBXGroup;
			children = (
				639C7DFC1BF4897A00B796F2 /* HYQWaterFlow */,
				639C7DFB1BF4897A00B796F2 /* Products */,
				1CC8C7C15CFA0E6FD0A83E62 /* Pods */,
				F1A8D49DDD976B024DD8F01F /* Frameworks */,
			);
			sourceTree = "<group>";
		};
		639C7DFB1BF4897A00B796F2 /* Products */ = {
			isa = PBXGroup;
			children = (
				639C7DFA1BF4897A00B796F2 /* HYQWaterFlow.app */,
			);
			name = Products;
			sourceTree = "<group>";
		};
		639C7DFC1BF4897A00B796F2 /* HYQWaterFlow */ = {
			isa = PBXGroup;
			children = (
				639C7E201BF4A40C00B796F2 /* Flow */,
				639C7E001BF4897A00B796F2 /* AppDelegate.h */,
				639C7E011BF4897A00B796F2 /* AppDelegate.m */,
				639C7E031BF4897A00B796F2 /* ViewController.h */,
				639C7E041BF4897A00B796F2 /* ViewController.m */,
				639C7E061BF4897A00B796F2 /* Main.storyboard */,
				639C7E1B1BF4919300B796F2 /* HYQSFlowCell.h */,
				639C7E1C1BF4919300B796F2 /* HYQSFlowCell.m */,
				639C7E091BF4897A00B796F2 /* Assets.xcassets */,
				639C7E0B1BF4897A00B796F2 /* LaunchScreen.storyboard */,
				639C7E0E1BF4897A00B796F2 /* Info.plist */,
				639C7E1E1BF4940000B796F2 /* pic_url.plist */,
				639C7DFD1BF4897A00B796F2 /* Supporting Files */,
			);
			path = HYQWaterFlow;
			sourceTree = "<group>";
		};
		639C7DFD1BF4897A00B796F2 /* Supporting Files */ = {
			isa = PBXGroup;
			children = (
				639C7DFE1BF4897A00B796F2 /* main.m */,
			);
			name = "Supporting Files";
			sourceTree = "<group>";
		};
		639C7E201BF4A40C00B796F2 /* Flow */ = {
			isa = PBXGroup;
			children = (
				639C7E211BF4A40C00B796F2 /* BGWaterFlowLayout.h */,
				639C7E221BF4A40C00B796F2 /* BGWaterFlowLayout.m */,
				639C7E231BF4A40C00B796F2 /* HYQSFlow.h */,
				639C7E241BF4A40C00B796F2 /* HYQSFlow.m */,
			);
			path = Flow;
			sourceTree = "<group>";
		};
		F1A8D49DDD976B024DD8F01F /* Frameworks */ = {
			isa = PBXGroup;
			children = (
				1A97E4A1B34239E5CD5ABEEE /* libPods.a */,
			);
			name = Frameworks;
			sourceTree = "<group>";
		};
/* End PBXGroup section */

/* Begin PBXNativeTarget section */
		639C7DF91BF4897A00B796F2 /* HYQWaterFlow */ = {
			isa = PBXNativeTarget;
			buildConfigurationList = 639C7E111BF4897A00B796F2 /* Build configuration list for PBXNativeTarget "HYQWaterFlow" */;
			buildPhases = (
				E680EBE2FD55C42867003547 /* Check Pods Manifest.lock */,
				639C7DF61BF4897A00B796F2 /* Sources */,
				639C7DF71BF4897A00B796F2 /* Frameworks */,
				639C7DF81BF4897A00B796F2 /* Resources */,
				8AC86C25F93778FDAD7C0C8D /* Embed Pods Frameworks */,
				37E42197C920ED997C4E4592 /* Copy Pods Resources */,
			);
			buildRules = (
			);
			dependencies = (
			);
			name = HYQWaterFlow;
			productName = HYQWaterFlow;
			productReference = 639C7DFA1BF4897A00B796F2 /* HYQWaterFlow.app */;
			productType = "com.apple.product-type.application";
		};
/* End PBXNativeTarget section */

/* Begin PBXProject section */
		639C7DF21BF4897A00B796F2 /* Project object */ = {
			isa = PBXProject;
			attributes = {
				LastUpgradeCheck = 0710;
				ORGANIZATIONNAME = "__无邪_";
				TargetAttributes = {
					639C7DF91BF4897A00B796F2 = {
						CreatedOnToolsVersion = 7.1;
					};
				};
			};
			buildConfigurationList = 639C7DF51BF4897A00B796F2 /* Build configuration list for PBXProject "HYQWaterFlow" */;
			compatibilityVersion = "Xcode 3.2";
			developmentRegion = English;
			hasScannedForEncodings = 0;
			knownRegions = (
				en,
				Base,
			);
			mainGroup = 639C7DF11BF4897A00B796F2;
			productRefGroup = 639C7DFB1BF4897A00B796F2 /* Products */;
			projectDirPath = "";
			projectRoot = "";
			targets = (
				639C7DF91BF4897A00B796F2 /* HYQWaterFlow */,
			);
		};
/* End PBXProject section */

/* Begin PBXResourcesBuildPhase section */
		639C7DF81BF4897A00B796F2 /* Resources */ = {
			isa = PBXResourcesBuildPhase;
			buildActionMask = 2147483647;
			files = (
				639C7E0D1BF4897A00B796F2 /* LaunchScreen.storyboard in Resources */,
				639C7E1F1BF4940000B796F2 /* pic_url.plist in Resources */,
				639C7E0A1BF4897A00B796F2 /* Assets.xcassets in Resources */,
				639C7E081BF4897A00B796F2 /* Main.storyboard in Resources */,
			);
			runOnlyForDeploymentPostprocessing = 0;
		};
/* End PBXResourcesBuildPhase section */

/* Begin PBXShellScriptBuildPhase section */
		37E42197C920ED997C4E4592 /* Copy Pods Resources */ = {
			isa = PBXShellScriptBuildPhase;
			buildActionMask = 2147483647;
			files = (
			);
			inputPaths = (
			);
			name = "Copy Pods Resources";
			outputPaths = (
			);
			runOnlyForDeploymentPostprocessing = 0;
			shellPath = /bin/sh;
			shellScript = "\"${SRCROOT}/Pods/Target Support Files/Pods/Pods-resources.sh\"\n";
			showEnvVarsInLog = 0;
		};
		8AC86C25F93778FDAD7C0C8D /* Embed Pods Frameworks */ = {
			isa = PBXShellScriptBuildPhase;
			buildActionMask = 2147483647;
			files = (
			);
			inputPaths = (
			);
			name = "Embed Pods Frameworks";
			outputPaths = (
			);
			runOnlyForDeploymentPostprocessing = 0;
			shellPath = /bin/sh;
			shellScript = "\"${SRCROOT}/Pods/Target Support Files/Pods/Pods-frameworks.sh\"\n";
			showEnvVarsInLog = 0;
		};
		E680EBE2FD55C42867003547 /* Check Pods Manifest.lock */ = {
			isa = PBXShellScriptBuildPhase;
			buildActionMask = 2147483647;
			files = (
			);
			inputPaths = (
			);
			name = "Check Pods Manifest.lock";
			outputPaths = (
			);
			runOnlyForDeploymentPostprocessing = 0;
			shellPath = /bin/sh;
			shellScript = "diff \"${PODS_ROOT}/../Podfile.lock\" \"${PODS_ROOT}/Manifest.lock\" > /dev/null\nif [[ $? != 0 ]] ; then\n    cat << EOM\nerror: The sandbox is not in sync with the Podfile.lock. Run 'pod install' or update your CocoaPods installation.\nEOM\n    exit 1\nfi\n";
			showEnvVarsInLog = 0;
		};
/* End PBXShellScriptBuildPhase section */

/* Begin PBXSourcesBuildPhase section */
		639C7DF61BF4897A00B796F2 /* Sources */ = {
			isa = PBXSourcesBuildPhase;
			buildActionMask = 2147483647;
			files = (
				639C7E1D1BF4919300B796F2 /* HYQSFlowCell.m in Sources */,
				639C7E051BF4897A00B796F2 /* ViewController.m in Sources */,
				639C7E251BF4A40C00B796F2 /* BGWaterFlowLayout.m in Sources */,
				639C7E021BF4897A00B796F2 /* AppDelegate.m in Sources */,
				639C7E261BF4A40C00B796F2 /* HYQSFlow.m in Sources */,
				639C7DFF1BF4897A00B796F2 /* main.m in Sources */,
			);
			runOnlyForDeploymentPostprocessing = 0;
		};
/* End PBXSourcesBuildPhase section */

/* Begin PBXVariantGroup section */
		639C7E061BF4897A00B796F2 /* Main.storyboard */ = {
			isa = PBXVariantGroup;
			children = (
				639C7E071BF4897A00B796F2 /* Base */,
			);
			name = Main.storyboard;
			sourceTree = "<group>";
		};
		639C7E0B1BF4897A00B796F2 /* LaunchScreen.storyboard */ = {
			isa = PBXVariantGroup;
			children = (
				639C7E0C1BF4897A00B796F2 /* Base */,
			);
			name = LaunchScreen.storyboard;
			sourceTree = "<group>";
		};
/* End PBXVariantGroup section */

/* Begin XCBuildConfiguration section */
		639C7E0F1BF4897A00B796F2 /* Debug */ = {
			isa = XCBuildConfiguration;
			buildSettings = {
				ALWAYS_SEARCH_USER_PATHS = NO;
				CLANG_CXX_LANGUAGE_STANDARD = "gnu++0x";
				CLANG_CXX_LIBRARY = "libc++";
				CLANG_ENABLE_MODULES = YES;
				CLANG_ENABLE_OBJC_ARC = YES;
				CLANG_WARN_BOOL_CONVERSION = YES;
				CLANG_WARN_CONSTANT_CONVERSION = YES;
				CLANG_WARN_DIRECT_OBJC_ISA_USAGE = YES_ERROR;
				CLANG_WARN_EMPTY_BODY = YES;
				CLANG_WARN_ENUM_CONVERSION = YES;
				CLANG_WARN_INT_CONVERSION = YES;
				CLANG_WARN_OBJC_ROOT_CLASS = YES_ERROR;
				CLANG_WARN_UNREACHABLE_CODE = YES;
				CLANG_WARN__DUPLICATE_METHOD_MATCH = YES;
				"CODE_SIGN_IDENTITY[sdk=iphoneos*]" = "iPhone Developer";
				COPY_PHASE_STRIP = NO;
				DEBUG_INFORMATION_FORMAT = dwarf;
				ENABLE_STRICT_OBJC_MSGSEND = YES;
				ENABLE_TESTABILITY = YES;
				GCC_C_LANGUAGE_STANDARD = gnu99;
				GCC_DYNAMIC_NO_PIC = NO;
				GCC_NO_COMMON_BLOCKS = YES;
				GCC_OPTIMIZATION_LEVEL = 0;
				GCC_PREPROCESSOR_DEFINITIONS = (
					"DEBUG=1",
					"$(inherited)",
				);
				GCC_WARN_64_TO_32_BIT_CONVERSION = YES;
				GCC_WARN_ABOUT_RETURN_TYPE = YES_ERROR;
				GCC_WARN_UNDECLARED_SELECTOR = YES;
				GCC_WARN_UNINITIALIZED_AUTOS = YES_AGGRESSIVE;
				GCC_WARN_UNUSED_FUNCTION = YES;
				GCC_WARN_UNUSED_VARIABLE = YES;
				IPHONEOS_DEPLOYMENT_TARGET = 9.1;
				MTL_ENABLE_DEBUG_INFO = YES;
				ONLY_ACTIVE_ARCH = YES;
				SDKROOT = iphoneos;
				TARGETED_DEVICE_FAMILY = "1,2";
			};
			name = Debug;
		};
		639C7E101BF4897A00B796F2 /* Release */ = {
			isa = XCBuildConfiguration;
			buildSettings = {
				ALWAYS_SEARCH_USER_PATHS = NO;
				CLANG_CXX_LANGUAGE_STANDARD = "gnu++0x";
				CLANG_CXX_LIBRARY = "libc++";
				CLANG_ENABLE_MODULES = YES;
				CLANG_ENABLE_OBJC_ARC = YES;
				CLANG_WARN_BOOL_CONVERSION = YES;
				CLANG_WARN_CONSTANT_CONVERSION = YES;
				CLANG_WARN_DIRECT_OBJC_ISA_USAGE = YES_ERROR;
				CLANG_WARN_EMPTY_BODY = YES;
				CLANG_WARN_ENUM_CONVERSION = YES;
				CLANG_WARN_INT_CONVERSION = YES;
				CLANG_WARN_OBJC_ROOT_CLASS = YES_ERROR;
				CLANG_WARN_UNREACHABLE_CODE = YES;
				CLANG_WARN__DUPLICATE_METHOD_MATCH = YES;
				"CODE_SIGN_IDENTITY[sdk=iphoneos*]" = "iPhone Developer";
				COPY_PHASE_STRIP = NO;
				DEBUG_INFORMATION_FORMAT = "dwarf-with-dsym";
				ENABLE_NS_ASSERTIONS = NO;
				ENABLE_STRICT_OBJC_MSGSEND = YES;
				GCC_C_LANGUAGE_STANDARD = gnu99;
				GCC_NO_COMMON_BLOCKS = YES;
				GCC_WARN_64_TO_32_BIT_CONVERSION = YES;
				GCC_WARN_ABOUT_RETURN_TYPE = YES_ERROR;
				GCC_WARN_UNDECLARED_SELECTOR = YES;
				GCC_WARN_UNINITIALIZED_AUTOS = YES_AGGRESSIVE;
				GCC_WARN_UNUSED_FUNCTION = YES;
				GCC_WARN_UNUSED_VARIABLE = YES;
				IPHONEOS_DEPLOYMENT_TARGET = 9.1;
				MTL_ENABLE_DEBUG_INFO = NO;
				SDKROOT = iphoneos;
				TARGETED_DEVICE_FAMILY = "1,2";
				VALIDATE_PRODUCT = YES;
			};
			name = Release;
		};
		639C7E121BF4897A00B796F2 /* Debug */ = {
			isa = XCBuildConfiguration;
			baseConfigurationReference = 5194C70BC148D03308594D12 /* Pods.debug.xcconfig */;
			buildSettings = {
				ASSETCATALOG_COMPILER_APPICON_NAME = AppIcon;
				INFOPLIST_FILE = HYQWaterFlow/Info.plist;
				LD_RUNPATH_SEARCH_PATHS = "$(inherited) @executable_path/Frameworks";
				PRODUCT_BUNDLE_IDENTIFIER = Otherplayer.HYQWaterFlow;
				PRODUCT_NAME = "$(TARGET_NAME)";
			};
			name = Debug;
		};
		639C7E131BF4897A00B796F2 /* Release */ = {
			isa = XCBuildConfiguration;
			baseConfigurationReference = 1F5B326F4DA9967024AACCA2 /* Pods.release.xcconfig */;
			buildSettings = {
				ASSETCATALOG_COMPILER_APPICON_NAME = AppIcon;
				INFOPLIST_FILE = HYQWaterFlow/Info.plist;
				LD_RUNPATH_SEARCH_PATHS = "$(inherited) @executable_path/Frameworks";
				PRODUCT_BUNDLE_IDENTIFIER = Otherplayer.HYQWaterFlow;
				PRODUCT_NAME = "$(TARGET_NAME)";
			};
			name = Release;
		};
/* End XCBuildConfiguration section */

/* Begin XCConfigurationList section */
		639C7DF51BF4897A00B796F2 /* Build configuration list for PBXProject "HYQWaterFlow" */ = {
			isa = XCConfigurationList;
			buildConfigurations = (
				639C7E0F1BF4897A00B796F2 /* Debug */,
				639C7E101BF4897A00B796F2 /* Release */,
			);
			defaultConfigurationIsVisible = 0;
			defaultConfigurationName = Release;
		};
		639C7E111BF4897A00B796F2 /* Build configuration list for PBXNativeTarget "HYQWaterFlow" */ = {
			isa = XCConfigurationList;
			buildConfigurations = (
				639C7E121BF4897A00B796F2 /* Debug */,
				639C7E131BF4897A00B796F2 /* Release */,
			);
			defaultConfigurationIsVisible = 0;
			defaultConfigurationName = Release;
		};
/* End XCConfigurationList section */
	};
	rootObject = 639C7DF21BF4897A00B796F2 /* Project object */;
}
